
Microsoft Visual Studio Solution File, Format Version 12.00
# Visual Studio Version 17
VisualStudioVersion = 17.0.32014.148
MinimumVisualStudioVersion = 10.0.40219.1
Project("{FAE04EC0-301F-11D3-BF4B-00C04F79EFBC}") = "ColorBlunder.Android", "ColorBlunder\ColorBlunder.Android\ColorBlunder.Android.csproj", "{523F02CE-78B9-481C-B1AB-447563BAE86D}"
EndProject
Project("{FAE04EC0-301F-11D3-BF4B-00C04F79EFBC}") = "ColorBlunder.iOS", "ColorBlunder\ColorBlunder.iOS\ColorBlunder.iOS.csproj", "{CEDF835B-EAA2-464F-B060-7F3731B3AE3E}"
EndProject
Project("{FAE04EC0-301F-11D3-BF4B-00C04F79EFBC}") = "ColorBlunder", "ColorBlunder\ColorBlunder\ColorBlunder.csproj", "{6645CAC6-845B-46F0-A2A9-38217A290CE7}"
EndProject
Global
	GlobalSection(SolutionConfigurationPlatforms) = preSolution
		Debug|Any CPU = Debug|Any CPU
		Debug|iPhone = Debug|iPhone
		Debug|iPhoneSimulator = Debug|iPhoneSimulator
		Release|Any CPU = Release|Any CPU
		Release|iPhone = Release|iPhone
		Release|iPhoneSimulator = Release|iPhoneSimulator
	EndGlobalSection
	GlobalSection(ProjectConfigurationPlatforms) = postSolution
		{523F02CE-78B9-481C-B1AB-447563BAE86D}.Debug|Any CPU.ActiveCfg = Debug|Any CPU
		{523F02CE-78B9-481C-B1AB-447563BAE86D}.Debug|Any CPU.Build.0 = Debug|Any CPU
		{523F02CE-78B9-481C-B1AB-447563BAE86D}.Debug|Any CPU.Deploy.0 = Debug|Any CPU
		{523F02CE-78B9-481C-B1AB-447563BAE86D}.Debug|iPhone.ActiveCfg = Debug|Any CPU
		{523F02CE-78B9-481C-B1AB-447563BAE86D}.Debug|iPhone.Build.0 = Debug|Any CPU
		{523F02CE-78B9-481C-B1AB-447563BAE86D}.Debug|iPhone.Deploy.0 = Debug|Any CPU
		{523F02CE-78B9-481C-B1AB-447563BAE86D}.Debug|iPhoneSimulator.ActiveCfg = Debug|Any CPU
		{523F02CE-78B9-481C-B1AB-447563BAE86D}.Debug|iPhoneSimulator.Build.0 = Debug|Any CPU
		{523F02CE-78B9-481C-B1AB-447563BAE86D}.Debug|iPhoneSimulator.Deploy.0 = Debug|Any CPU
		{523F02CE-78B9-481C-B1AB-447563BAE86D}.Release|Any CPU.ActiveCfg = Release|Any CPU
		{523F02CE-78B9-481C-B1AB-447563BAE86D}.Release|Any CPU.Build.0 = Release|Any CPU
		{523F02CE-78B9-481C-B1AB-447563BAE86D}.Release|Any CPU.Deploy.0 = Release|Any CPU
		{523F02CE-78B9-481C-B1AB-447563BAE86D}.Release|iPhone.ActiveCfg = Release|Any CPU
		{523F02CE-78B9-481C-B1AB-447563BAE86D}.Release|iPhone.Build.0 = Release|Any CPU
		{523F02CE-78B9-481C-B1AB-447563BAE86D}.Release|iPhone.Deploy.0 = Release|Any CPU
		{523F02CE-78B9-481C-B1AB-447563BAE86D}.Release|iPhoneSimulator.ActiveCfg = Release|Any CPU
		{523F02CE-78B9-481C-B1AB-447563BAE86D}.Release|iPhoneSimulator.Build.0 = Release|Any CPU
		{523F02CE-78B9-481C-B1AB-447563BAE86D}.Release|iPhoneSimulator.Deploy.0 = Release|Any CPU
		{CEDF835B-EAA2-464F-B060-7F3731B3AE3E}.Debug|Any CPU.ActiveCfg = Debug|iPhone
		{CEDF835B-EAA2-464F-B060-7F3731B3AE3E}.Debug|Any CPU.Build.0 = Debug|iPhone
		{CEDF835B-EAA2-464F-B060-7F3731B3AE3E}.Debug|Any CPU.Deploy.0 = Debug|iPhone
		{CEDF835B-EAA2-464F-B060-7F3731B3AE3E}.Debug|iPhone.ActiveCfg = Debug|iPhone
		{CEDF835B-EAA2-464F-B060-7F3731B3AE3E}.Debug|iPhone.Build.0 = Debug|iPhone
		{CEDF835B-EAA2-464F-B060-7F3731B3AE3E}.Debug|iPhone.Deploy.0 = Debug|iPhone
		{CEDF835B-EAA2-464F-B060-7F3731B3AE3E}.Debug|iPhoneSimulator.ActiveCfg = Debug|iPhoneSimulator
		{CEDF835B-EAA2-464F-B060-7F3731B3AE3E}.Debug|iPhoneSimulator.Build.0 = Debug|iPhoneSimulator
		{CEDF835B-EAA2-464F-B060-7F3731B3AE3E}.Debug|iPhoneSimulator.Deploy.0 = Debug|iPhoneSimulator
		{CEDF835B-EAA2-464F-B060-7F3731B3AE3E}.Release|Any CPU.ActiveCfg = Release|iPhoneSimulator
		{CEDF835B-EAA2-464F-B060-7F3731B3AE3E}.Release|Any CPU.Build.0 = Release|iPhoneSimulator
		{CEDF835B-EAA2-464F-B060-7F3731B3AE3E}.Release|Any CPU.Deploy.0 = Release|iPhoneSimulator
		{CEDF835B-EAA2-464F-B060-7F3731B3AE3E}.Release|iPhone.ActiveCfg = Release|iPhone
		{CEDF835B-EAA2-464F-B060-7F3731B3AE3E}.Release|iPhone.Build.0 = Release|iPhone
		{CEDF835B-EAA2-464F-B060-7F3731B3AE3E}.Release|iPhone.Deploy.0 = Release|iPhone
		{CEDF835B-EAA2-464F-B060-7F3731B3AE3E}.Release|iPhoneSimulator.ActiveCfg = Release|iPhoneSimulator
		{CEDF835B-EAA2-464F-B060-7F3731B3AE3E}.Release|iPhoneSimulator.Build.0 = Release|iPhoneSimulator
		{CEDF835B-EAA2-464F-B060-7F3731B3AE3E}.Release|iPhoneSimulator.Deploy.0 = Release|iPhoneSimulator
		{6645CAC6-845B-46F0-A2A9-38217A290CE7}.Debug|Any CPU.ActiveCfg = Debug|Any CPU
		{6645CAC6-845B-46F0-A2A9-38217A290CE7}.Debug|Any CPU.Build.0 = Debug|Any CPU
		{6645CAC6-845B-46F0-A2A9-38217A290CE7}.Debug|Any CPU.Deploy.0 = Debug|Any CPU
		{6645CAC6-845B-46F0-A2A9-38217A290CE7}.Debug|iPhone.ActiveCfg = Debug|Any CPU
		{6645CAC6-845B-46F0-A2A9-38217A290CE7}.Debug|iPhone.Build.0 = Debug|Any CPU
		{6645CAC6-845B-46F0-A2A9-38217A290CE7}.Debug|iPhone.Deploy.0 = Debug|Any CPU
		{6645CAC6-845B-46F0-A2A9-38217A290CE7}.Debug|iPhoneSimulator.ActiveCfg = Debug|Any CPU
		{6645CAC6-845B-46F0-A2A9-38217A290CE7}.Debug|iPhoneSimulator.Build.0 = Debug|Any CPU
		{6645CAC6-845B-46F0-A2A9-38217A290CE7}.Debug|iPhoneSimulator.Deploy.0 = Debug|Any CPU
		{6645CAC6-845B-46F0-A2A9-38217A290CE7}.Release|Any CPU.ActiveCfg = Release|Any CPU
		{6645CAC6-845B-46F0-A2A9-38217A290CE7}.Release|Any CPU.Build.0 = Release|Any CPU
		{6645CAC6-845B-46F0-A2A9-38217A290CE7}.Release|Any CPU.Deploy.0 = Release|Any CPU
		{6645CAC6-845B-46F0-A2A9-38217A290CE7}.Release|iPhone.ActiveCfg = Release|Any CPU
		{6645CAC6-845B-46F0-A2A9-38217A290CE7}.Release|iPhone.Build.0 = Release|Any CPU
		{6645CAC6-845B-46F0-A2A9-38217A290CE7}.Release|iPhone.Deploy.0 = Release|Any CPU
		{6645CAC6-845B-46F0-A2A9-38217A290CE7}.Release|iPhoneSimulator.ActiveCfg = Release|Any CPU
		{6645CAC6-845B-46F0-A2A9-38217A290CE7}.Release|iPhoneSimulator.Build.0 = Release|Any CPU
		{6645CAC6-845B-46F0-A2A9-38217A290CE7}.Release|iPhoneSimulator.Deploy.0 = Release|Any CPU
	EndGlobalSection
	GlobalSection(SolutionProperties) = preSolution
		HideSolutionNode = FALSE
	EndGlobalSection
	GlobalSection(ExtensibilityGlobals) = postSolution
		SolutionGuid = {96939BA0-CC8C-4863-85A1-EDADC786A555}
	EndGlobalSection
EndGlobal
